// !$*UTF8*$!
{
	archiveVersion = 1;
	classes = {
	};
	objectVersion = 48;
	objects = {

/* Begin PBXBuildFile section */
		44B3520C1FD0100600AEF6F3 /* AppDelegate.swift in Sources */ = {isa = PBXBuildFile; fileRef = 44B3520B1FD0100600AEF6F3 /* AppDelegate.swift */; };
		44B3520E1FD0100600AEF6F3 /* ViewController.swift in Sources */ = {isa = PBXBuildFile; fileRef = 44B3520D1FD0100600AEF6F3 /* ViewController.swift */; };
		44B352111FD0100600AEF6F3 /* Main.storyboard in Resources */ = {isa = PBXBuildFile; fileRef = 44B3520F1FD0100600AEF6F3 /* Main.storyboard */; };
		44B352141FD0100600AEF6F3 /* DinnerWithFriends4_0.xcdatamodeld in Sources */ = {isa = PBXBuildFile; fileRef = 44B352121FD0100600AEF6F3 /* DinnerWithFriends4_0.xcdatamodeld */; };
		44B352161FD0100600AEF6F3 /* Assets.xcassets in Resources */ = {isa = PBXBuildFile; fileRef = 44B352151FD0100600AEF6F3 /* Assets.xcassets */; };
		44B352191FD0100600AEF6F3 /* LaunchScreen.storyboard in Resources */ = {isa = PBXBuildFile; fileRef = 44B352171FD0100600AEF6F3 /* LaunchScreen.storyboard */; };
		44B352211FD0112200AEF6F3 /* DinnerTableViewController.swift in Sources */ = {isa = PBXBuildFile; fileRef = 44B352201FD0112200AEF6F3 /* DinnerTableViewController.swift */; };
		44B352231FD0112C00AEF6F3 /* DinnerDetailTableViewController.swift in Sources */ = {isa = PBXBuildFile; fileRef = 44B352221FD0112C00AEF6F3 /* DinnerDetailTableViewController.swift */; };
		44B352251FD0113900AEF6F3 /* itemListTableViewController.swift in Sources */ = {isa = PBXBuildFile; fileRef = 44B352241FD0113900AEF6F3 /* itemListTableViewController.swift */; };
		44B352271FD0113F00AEF6F3 /* CoreDataStack.swift in Sources */ = {isa = PBXBuildFile; fileRef = 44B352261FD0113F00AEF6F3 /* CoreDataStack.swift */; };
		44B3522C1FD0134100AEF6F3 /* Dinner+CoreDataClass.swift in Sources */ = {isa = PBXBuildFile; fileRef = 44B352281FD0134100AEF6F3 /* Dinner+CoreDataClass.swift */; };
		44B3522D1FD0134100AEF6F3 /* Dinner+CoreDataProperties.swift in Sources */ = {isa = PBXBuildFile; fileRef = 44B352291FD0134100AEF6F3 /* Dinner+CoreDataProperties.swift */; };
		44B3522E1FD0134100AEF6F3 /* DinnerItem+CoreDataClass.swift in Sources */ = {isa = PBXBuildFile; fileRef = 44B3522A1FD0134100AEF6F3 /* DinnerItem+CoreDataClass.swift */; };
		44B3522F1FD0134100AEF6F3 /* DinnerItem+CoreDataProperties.swift in Sources */ = {isa = PBXBuildFile; fileRef = 44B3522B1FD0134100AEF6F3 /* DinnerItem+CoreDataProperties.swift */; };
		44B352311FD0154D00AEF6F3 /* DinnerItemDetailTableViewController.swift in Sources */ = {isa = PBXBuildFile; fileRef = 44B352301FD0154D00AEF6F3 /* DinnerItemDetailTableViewController.swift */; };
		C974D7C41FDDC671004E2968 /* DinnerTableViewCell.swift in Sources */ = {isa = PBXBuildFile; fileRef = C974D7C31FDDC671004E2968 /* DinnerTableViewCell.swift */; };
		C9C1490A1FDD39BB007532D7 /* DinnerItemTableViewCell.swift in Sources */ = {isa = PBXBuildFile; fileRef = C9C149091FDD39BB007532D7 /* DinnerItemTableViewCell.swift */; };
		CCAC9E9A1FDD852B00B3C217 /* DinnerItemTableViewCellDelegate.swift in Sources */ = {isa = PBXBuildFile; fileRef = CCAC9E991FDD852B00B3C217 /* DinnerItemTableViewCellDelegate.swift */; };
/* End PBXBuildFile section */

/* Begin PBXFileReference section */
		44B352081FD0100600AEF6F3 /* DinnerWithFriends4.0.app */ = {isa = PBXFileReference; explicitFileType = wrapper.application; includeInIndex = 0; path = DinnerWithFriends4.0.app; sourceTree = BUILT_PRODUCTS_DIR; };
		44B3520B1FD0100600AEF6F3 /* AppDelegate.swift */ = {isa = PBXFileReference; lastKnownFileType = sourcecode.swift; path = AppDelegate.swift; sourceTree = "<group>"; };
		44B3520D1FD0100600AEF6F3 /* ViewController.swift */ = {isa = PBXFileReference; lastKnownFileType = sourcecode.swift; path = ViewController.swift; sourceTree = "<group>"; };
		44B352101FD0100600AEF6F3 /* Base */ = {isa = PBXFileReference; lastKnownFileType = file.storyboard; name = Base; path = Base.lproj/Main.storyboard; sourceTree = "<group>"; };
		44B352131FD0100600AEF6F3 /* DinnerWithFriends4_0.xcdatamodel */ = {isa = PBXFileReference; lastKnownFileType = wrapper.xcdatamodel; path = DinnerWithFriends4_0.xcdatamodel; sourceTree = "<group>"; };
		44B352151FD0100600AEF6F3 /* Assets.xcassets */ = {isa = PBXFileReference; lastKnownFileType = folder.assetcatalog; path = Assets.xcassets; sourceTree = "<group>"; };
		44B352181FD0100600AEF6F3 /* Base */ = {isa = PBXFileReference; lastKnownFileType = file.storyboard; name = Base; path = Base.lproj/LaunchScreen.storyboard; sourceTree = "<group>"; };
		44B3521A1FD0100600AEF6F3 /* Info.plist */ = {isa = PBXFileReference; lastKnownFileType = text.plist.xml; path = Info.plist; sourceTree = "<group>"; };
		44B352201FD0112200AEF6F3 /* DinnerTableViewController.swift */ = {isa = PBXFileReference; fileEncoding = 4; lastKnownFileType = sourcecode.swift; path = DinnerTableViewController.swift; sourceTree = "<group>"; };
		44B352221FD0112C00AEF6F3 /* DinnerDetailTableViewController.swift */ = {isa = PBXFileReference; fileEncoding = 4; lastKnownFileType = sourcecode.swift; path = DinnerDetailTableViewController.swift; sourceTree = "<group>"; };
		44B352241FD0113900AEF6F3 /* itemListTableViewController.swift */ = {isa = PBXFileReference; fileEncoding = 4; lastKnownFileType = sourcecode.swift; path = itemListTableViewController.swift; sourceTree = "<group>"; };
		44B352261FD0113F00AEF6F3 /* CoreDataStack.swift */ = {isa = PBXFileReference; fileEncoding = 4; lastKnownFileType = sourcecode.swift; path = CoreDataStack.swift; sourceTree = "<group>"; };
		44B352281FD0134100AEF6F3 /* Dinner+CoreDataClass.swift */ = {isa = PBXFileReference; lastKnownFileType = sourcecode.swift; path = "Dinner+CoreDataClass.swift"; sourceTree = "<group>"; };
		44B352291FD0134100AEF6F3 /* Dinner+CoreDataProperties.swift */ = {isa = PBXFileReference; lastKnownFileType = sourcecode.swift; path = "Dinner+CoreDataProperties.swift"; sourceTree = "<group>"; };
		44B3522A1FD0134100AEF6F3 /* DinnerItem+CoreDataClass.swift */ = {isa = PBXFileReference; lastKnownFileType = sourcecode.swift; path = "DinnerItem+CoreDataClass.swift"; sourceTree = "<group>"; };
		44B3522B1FD0134100AEF6F3 /* DinnerItem+CoreDataProperties.swift */ = {isa = PBXFileReference; lastKnownFileType = sourcecode.swift; path = "DinnerItem+CoreDataProperties.swift"; sourceTree = "<group>"; };
		44B352301FD0154D00AEF6F3 /* DinnerItemDetailTableViewController.swift */ = {isa = PBXFileReference; lastKnownFileType = sourcecode.swift; path = DinnerItemDetailTableViewController.swift; sourceTree = "<group>"; };
		C974D7C31FDDC671004E2968 /* DinnerTableViewCell.swift */ = {isa = PBXFileReference; lastKnownFileType = sourcecode.swift; path = DinnerTableViewCell.swift; sourceTree = "<group>"; };
		C9C149091FDD39BB007532D7 /* DinnerItemTableViewCell.swift */ = {isa = PBXFileReference; lastKnownFileType = sourcecode.swift; path = DinnerItemTableViewCell.swift; sourceTree = "<group>"; };
		CCAC9E991FDD852B00B3C217 /* DinnerItemTableViewCellDelegate.swift */ = {isa = PBXFileReference; lastKnownFileType = sourcecode.swift; path = DinnerItemTableViewCellDelegate.swift; sourceTree = "<group>"; };
/* End PBXFileReference section */

/* Begin PBXFrameworksBuildPhase section */
		44B352051FD0100600AEF6F3 /* Frameworks */ = {
			isa = PBXFrameworksBuildPhase;
			buildActionMask = 2147483647;
			files = (
			);
			runOnlyForDeploymentPostprocessing = 0;
		};
/* End PBXFrameworksBuildPhase section */

/* Begin PBXGroup section */
		44B351FF1FD0100600AEF6F3 = {
			isa = PBXGroup;
			children = (
				44B352281FD0134100AEF6F3 /* Dinner+CoreDataClass.swift */,
				44B352291FD0134100AEF6F3 /* Dinner+CoreDataProperties.swift */,
				44B3522A1FD0134100AEF6F3 /* DinnerItem+CoreDataClass.swift */,
				44B3522B1FD0134100AEF6F3 /* DinnerItem+CoreDataProperties.swift */,
				44B3520A1FD0100600AEF6F3 /* DinnerWithFriends4.0 */,
				44B352091FD0100600AEF6F3 /* Products */,
			);
			sourceTree = "<group>";
		};
		44B352091FD0100600AEF6F3 /* Products */ = {
			isa = PBXGroup;
			children = (
				44B352081FD0100600AEF6F3 /* DinnerWithFriends4.0.app */,
			);
			name = Products;
			sourceTree = "<group>";
		};
		44B3520A1FD0100600AEF6F3 /* DinnerWithFriends4.0 */ = {
			isa = PBXGroup;
			children = (
				44B3520F1FD0100600AEF6F3 /* Main.storyboard */,
				44B3520B1FD0100600AEF6F3 /* AppDelegate.swift */,
				44B3520D1FD0100600AEF6F3 /* ViewController.swift */,
				C974D7C31FDDC671004E2968 /* DinnerTableViewCell.swift */,
				CCAC9E991FDD852B00B3C217 /* DinnerItemTableViewCellDelegate.swift */,
				C9C149091FDD39BB007532D7 /* DinnerItemTableViewCell.swift */,
				44B352151FD0100600AEF6F3 /* Assets.xcassets */,
				44B352171FD0100600AEF6F3 /* LaunchScreen.storyboard */,
				44B3521A1FD0100600AEF6F3 /* Info.plist */,
				44B352121FD0100600AEF6F3 /* DinnerWithFriends4_0.xcdatamodeld */,
				44B352201FD0112200AEF6F3 /* DinnerTableViewController.swift */,
				44B352221FD0112C00AEF6F3 /* DinnerDetailTableViewController.swift */,
				44B352241FD0113900AEF6F3 /* itemListTableViewController.swift */,
				44B352301FD0154D00AEF6F3 /* DinnerItemDetailTableViewController.swift */,
				44B352261FD0113F00AEF6F3 /* CoreDataStack.swift */,
			);
			path = DinnerWithFriends4.0;
			sourceTree = "<group>";
		};
/* End PBXGroup section */

/* Begin PBXNativeTarget section */
		44B352071FD0100600AEF6F3 /* DinnerWithFriends4.0 */ = {
			isa = PBXNativeTarget;
			buildConfigurationList = 44B3521D1FD0100600AEF6F3 /* Build configuration list for PBXNativeTarget "DinnerWithFriends4.0" */;
			buildPhases = (
				44B352041FD0100600AEF6F3 /* Sources */,
				44B352051FD0100600AEF6F3 /* Frameworks */,
				44B352061FD0100600AEF6F3 /* Resources */,
			);
			buildRules = (
			);
			dependencies = (
			);
			name = DinnerWithFriends4.0;
			productName = DinnerWithFriends4.0;
			productReference = 44B352081FD0100600AEF6F3 /* DinnerWithFriends4.0.app */;
			productType = "com.apple.product-type.application";
		};
/* End PBXNativeTarget section */

/* Begin PBXProject section */
		44B352001FD0100600AEF6F3 /* Project object */ = {
			isa = PBXProject;
			attributes = {
				LastSwiftUpdateCheck = 0910;
				LastUpgradeCheck = 0910;
				ORGANIZATIONNAME = "Bart Bronselaer";
				TargetAttributes = {
					44B352071FD0100600AEF6F3 = {
						CreatedOnToolsVersion = 9.1;
						ProvisioningStyle = Automatic;
					};
				};
			};
			buildConfigurationList = 44B352031FD0100600AEF6F3 /* Build configuration list for PBXProject "DinnerWithFriends4.0" */;
			compatibilityVersion = "Xcode 8.0";
			developmentRegion = en;
			hasScannedForEncodings = 0;
			knownRegions = (
				en,
				Base,
			);
			mainGroup = 44B351FF1FD0100600AEF6F3;
			productRefGroup = 44B352091FD0100600AEF6F3 /* Products */;
			projectDirPath = "";
			projectRoot = "";
			targets = (
				44B352071FD0100600AEF6F3 /* DinnerWithFriends4.0 */,
			);
		};
/* End PBXProject section */

/* Begin PBXResourcesBuildPhase section */
		44B352061FD0100600AEF6F3 /* Resources */ = {
			isa = PBXResourcesBuildPhase;
			buildActionMask = 2147483647;
			files = (
				44B352191FD0100600AEF6F3 /* LaunchScreen.storyboard in Resources */,
				44B352161FD0100600AEF6F3 /* Assets.xcassets in Resources */,
				44B352111FD0100600AEF6F3 /* Main.storyboard in Resources */,
			);
			runOnlyForDeploymentPostprocessing = 0;
		};
/* End PBXResourcesBuildPhase section */

/* Begin PBXSourcesBuildPhase section */
		44B352041FD0100600AEF6F3 /* Sources */ = {
			isa = PBXSourcesBuildPhase;
			buildActionMask = 2147483647;
			files = (
				C974D7C41FDDC671004E2968 /* DinnerTableViewCell.swift in Sources */,
				C9C1490A1FDD39BB007532D7 /* DinnerItemTableViewCell.swift in Sources */,
				44B352271FD0113F00AEF6F3 /* CoreDataStack.swift in Sources */,
				44B3522C1FD0134100AEF6F3 /* Dinner+CoreDataClass.swift in Sources */,
				44B3522D1FD0134100AEF6F3 /* Dinner+CoreDataProperties.swift in Sources */,
				44B3520E1FD0100600AEF6F3 /* ViewController.swift in Sources */,
				44B352211FD0112200AEF6F3 /* DinnerTableViewController.swift in Sources */,
				44B352251FD0113900AEF6F3 /* itemListTableViewController.swift in Sources */,
				CCAC9E9A1FDD852B00B3C217 /* DinnerItemTableViewCellDelegate.swift in Sources */,
				44B3522E1FD0134100AEF6F3 /* DinnerItem+CoreDataClass.swift in Sources */,
				44B3520C1FD0100600AEF6F3 /* AppDelegate.swift in Sources */,
				44B352141FD0100600AEF6F3 /* DinnerWithFriends4_0.xcdatamodeld in Sources */,
				44B352311FD0154D00AEF6F3 /* DinnerItemDetailTableViewController.swift in Sources */,
				44B352231FD0112C00AEF6F3 /* DinnerDetailTableViewController.swift in Sources */,
				44B3522F1FD0134100AEF6F3 /* DinnerItem+CoreDataProperties.swift in Sources */,
			);
			runOnlyForDeploymentPostprocessing = 0;
		};
/* End PBXSourcesBuildPhase section */

/* Begin PBXVariantGroup section */
		44B3520F1FD0100600AEF6F3 /* Main.storyboard */ = {
			isa = PBXVariantGroup;
			children = (
				44B352101FD0100600AEF6F3 /* Base */,
			);
			name = Main.storyboard;
			sourceTree = "<group>";
		};
		44B352171FD0100600AEF6F3 /* LaunchScreen.storyboard */ = {
			isa = PBXVariantGroup;
			children = (
				44B352181FD0100600AEF6F3 /* Base */,
			);
			name = LaunchScreen.storyboard;
			sourceTree = "<group>";
		};
/* End PBXVariantGroup section */

/* Begin XCBuildConfiguration section */
		44B3521B1FD0100600AEF6F3 /* Debug */ = {
			isa = XCBuildConfiguration;
			buildSettings = {
				ALWAYS_SEARCH_USER_PATHS = NO;
				CLANG_ANALYZER_NONNULL = YES;
				CLANG_ANALYZER_NUMBER_OBJECT_CONVERSION = YES_AGGRESSIVE;
				CLANG_CXX_LANGUAGE_STANDARD = "gnu++14";
				CLANG_CXX_LIBRARY = "libc++";
				CLANG_ENABLE_MODULES = YES;
				CLANG_ENABLE_OBJC_ARC = YES;
				CLANG_WARN_BLOCK_CAPTURE_AUTORELEASING = YES;
				CLANG_WARN_BOOL_CONVERSION = YES;
				CLANG_WARN_COMMA = YES;
				CLANG_WARN_CONSTANT_CONVERSION = YES;
				CLANG_WARN_DIRECT_OBJC_ISA_USAGE = YES_ERROR;
				CLANG_WARN_DOCUMENTATION_COMMENTS = YES;
				CLANG_WARN_EMPTY_BODY = YES;
				CLANG_WARN_ENUM_CONVERSION = YES;
				CLANG_WARN_INFINITE_RECURSION = YES;
				CLANG_WARN_INT_CONVERSION = YES;
				CLANG_WARN_NON_LITERAL_NULL_CONVERSION = YES;
				CLANG_WARN_OBJC_LITERAL_CONVERSION = YES;
				CLANG_WARN_OBJC_ROOT_CLASS = YES_ERROR;
				CLANG_WARN_RANGE_LOOP_ANALYSIS = YES;
				CLANG_WARN_STRICT_PROTOTYPES = YES;
				CLANG_WARN_SUSPICIOUS_MOVE = YES;
				CLANG_WARN_UNGUARDED_AVAILABILITY = YES_AGGRESSIVE;
				CLANG_WARN_UNREACHABLE_CODE = YES;
				CLANG_WARN__DUPLICATE_METHOD_MATCH = YES;
				CODE_SIGN_IDENTITY = "iPhone Developer";
				COPY_PHASE_STRIP = NO;
				DEBUG_INFORMATION_FORMAT = dwarf;
				ENABLE_STRICT_OBJC_MSGSEND = YES;
				ENABLE_TESTABILITY = YES;
				GCC_C_LANGUAGE_STANDARD = gnu11;
				GCC_DYNAMIC_NO_PIC = NO;
				GCC_NO_COMMON_BLOCKS = YES;
				GCC_OPTIMIZATION_LEVEL = 0;
				GCC_PREPROCESSOR_DEFINITIONS = (
					"DEBUG=1",
					"$(inherited)",
				);
				GCC_WARN_64_TO_32_BIT_CONVERSION = YES;
				GCC_WARN_ABOUT_RETURN_TYPE = YES_ERROR;
				GCC_WARN_UNDECLARED_SELECTOR = YES;
				GCC_WARN_UNINITIALIZED_AUTOS = YES_AGGRESSIVE;
				GCC_WARN_UNUSED_FUNCTION = YES;
				GCC_WARN_UNUSED_VARIABLE = YES;
				IPHONEOS_DEPLOYMENT_TARGET = 11.1;
				MTL_ENABLE_DEBUG_INFO = YES;
				ONLY_ACTIVE_ARCH = YES;
				SDKROOT = iphoneos;
				SWIFT_ACTIVE_COMPILATION_CONDITIONS = DEBUG;
				SWIFT_OPTIMIZATION_LEVEL = "-Onone";
			};
			name = Debug;
		};
		44B3521C1FD0100600AEF6F3 /* Release */ = {
			isa = XCBuildConfiguration;
			buildSettings = {
				ALWAYS_SEARCH_USER_PATHS = NO;
				CLANG_ANALYZER_NONNULL = YES;
				CLANG_ANALYZER_NUMBER_OBJECT_CONVERSION = YES_AGGRESSIVE;
				CLANG_CXX_LANGUAGE_STANDARD = "gnu++14";
				CLANG_CXX_LIBRARY = "libc++";
				CLANG_ENABLE_MODULES = YES;
				CLANG_ENABLE_OBJC_ARC = YES;
				CLANG_WARN_BLOCK_CAPTURE_AUTORELEASING = YES;
				CLANG_WARN_BOOL_CONVERSION = YES;
				CLANG_WARN_COMMA = YES;
				CLANG_WARN_CONSTANT_CONVERSION = YES;
				CLANG_WARN_DIRECT_OBJC_ISA_USAGE = YES_ERROR;
				CLANG_WARN_DOCUMENTATION_COMMENTS = YES;
				CLANG_WARN_EMPTY_BODY = YES;
				CLANG_WARN_ENUM_CONVERSION = YES;
				CLANG_WARN_INFINITE_RECURSION = YES;
				CLANG_WARN_INT_CONVERSION = YES;
				CLANG_WARN_NON_LITERAL_NULL_CONVERSION = YES;
				CLANG_WARN_OBJC_LITERAL_CONVERSION = YES;
				CLANG_WARN_OBJC_ROOT_CLASS = YES_ERROR;
				CLANG_WARN_RANGE_LOOP_ANALYSIS = YES;
				CLANG_WARN_STRICT_PROTOTYPES = YES;
				CLANG_WARN_SUSPICIOUS_MOVE = YES;
				CLANG_WARN_UNGUARDED_AVAILABILITY = YES_AGGRESSIVE;
				CLANG_WARN_UNREACHABLE_CODE = YES;
				CLANG_WARN__DUPLICATE_METHOD_MATCH = YES;
				CODE_SIGN_IDENTITY = "iPhone Developer";
				COPY_PHASE_STRIP = NO;
				DEBUG_INFORMATION_FORMAT = "dwarf-with-dsym";
				ENABLE_NS_ASSERTIONS = NO;
				ENABLE_STRICT_OBJC_MSGSEND = YES;
				GCC_C_LANGUAGE_STANDARD = gnu11;
				GCC_NO_COMMON_BLOCKS = YES;
				GCC_WARN_64_TO_32_BIT_CONVERSION = YES;
				GCC_WARN_ABOUT_RETURN_TYPE = YES_ERROR;
				GCC_WARN_UNDECLARED_SELECTOR = YES;
				GCC_WARN_UNINITIALIZED_AUTOS = YES_AGGRESSIVE;
				GCC_WARN_UNUSED_FUNCTION = YES;
				GCC_WARN_UNUSED_VARIABLE = YES;
				IPHONEOS_DEPLOYMENT_TARGET = 11.1;
				MTL_ENABLE_DEBUG_INFO = NO;
				SDKROOT = iphoneos;
				SWIFT_OPTIMIZATION_LEVEL = "-Owholemodule";
				VALIDATE_PRODUCT = YES;
			};
			name = Release;
		};
		44B3521E1FD0100600AEF6F3 /* Debug */ = {
			isa = XCBuildConfiguration;
			buildSettings = {
				ASSETCATALOG_COMPILER_APPICON_NAME = AppIcon;
				CODE_SIGN_STYLE = Automatic;
				DEVELOPMENT_TEAM = C26YUS4LJ8;
				INFOPLIST_FILE = DinnerWithFriends4.0/Info.plist;
				LD_RUNPATH_SEARCH_PATHS = "$(inherited) @executable_path/Frameworks";
				PRODUCT_BUNDLE_IDENTIFIER = "bart.bronselaer-me.com.DinnerWithFriends4-0";
				PRODUCT_NAME = "$(TARGET_NAME)";
				SWIFT_VERSION = 4.0;
				TARGETED_DEVICE_FAMILY = "1,2";
			};
			name = Debug;
		};
		44B3521F1FD0100600AEF6F3 /* Release */ = {
			isa = XCBuildConfiguration;
			buildSettings = {
				ASSETCATALOG_COMPILER_APPICON_NAME = AppIcon;
				CODE_SIGN_STYLE = Automatic;
				DEVELOPMENT_TEAM = C26YUS4LJ8;
				INFOPLIST_FILE = DinnerWithFriends4.0/Info.plist;
				LD_RUNPATH_SEARCH_PATHS = "$(inherited) @executable_path/Frameworks";
				PRODUCT_BUNDLE_IDENTIFIER = "bart.bronselaer-me.com.DinnerWithFriends4-0";
				PRODUCT_NAME = "$(TARGET_NAME)";
				SWIFT_VERSION = 4.0;
				TARGETED_DEVICE_FAMILY = "1,2";
			};
			name = Release;
		};
/* End XCBuildConfiguration section */

/* Begin XCConfigurationList section */
		44B352031FD0100600AEF6F3 /* Build configuration list for PBXProject "DinnerWithFriends4.0" */ = {
			isa = XCConfigurationList;
			buildConfigurations = (
				44B3521B1FD0100600AEF6F3 /* Debug */,
				44B3521C1FD0100600AEF6F3 /* Release */,
			);
			defaultConfigurationIsVisible = 0;
			defaultConfigurationName = Release;
		};
		44B3521D1FD0100600AEF6F3 /* Build configuration list for PBXNativeTarget "DinnerWithFriends4.0" */ = {
			isa = XCConfigurationList;
			buildConfigurations = (
				44B3521E1FD0100600AEF6F3 /* Debug */,
				44B3521F1FD0100600AEF6F3 /* Release */,
			);
			defaultConfigurationIsVisible = 0;
			defaultConfigurationName = Release;
		};
/* End XCConfigurationList section */

/* Begin XCVersionGroup section */
		44B352121FD0100600AEF6F3 /* DinnerWithFriends4_0.xcdatamodeld */ = {
			isa = XCVersionGroup;
			children = (
				44B352131FD0100600AEF6F3 /* DinnerWithFriends4_0.xcdatamodel */,
			);
			currentVersion = 44B352131FD0100600AEF6F3 /* DinnerWithFriends4_0.xcdatamodel */;
			path = DinnerWithFriends4_0.xcdatamodeld;
			sourceTree = "<group>";
			versionGroupType = wrapper.xcdatamodel;
		};
/* End XCVersionGroup section */
	};
	rootObject = 44B352001FD0100600AEF6F3 /* Project object */;
}
